
Microsoft Visual Studio Solution File, Format Version 12.00
# Visual Studio Version 16
VisualStudioVersion = 16.0.30503.244
MinimumVisualStudioVersion = 10.0.40219.1
Project("{FAE04EC0-301F-11D3-BF4B-00C04F79EFBC}") = "BitCoinApp", "BitCoinApp\BitCoinApp.csproj", "{CA0D804A-6786-41F5-A739-BAAFDBBE8E58}"
EndProject
Global
	GlobalSection(SolutionConfigurationPlatforms) = preSolution
		Debug|Any CPU = Debug|Any CPU
		Release|Any CPU = Release|Any CPU
	EndGlobalSection
	GlobalSection(ProjectConfigurationPlatforms) = postSolution
		{CA0D804A-6786-41F5-A739-BAAFDBBE8E58}.Debug|Any CPU.ActiveCfg = Debug|Any CPU
		{CA0D804A-6786-41F5-A739-BAAFDBBE8E58}.Debug|Any CPU.Build.0 = Debug|Any CPU
		{CA0D804A-6786-41F5-A739-BAAFDBBE8E58}.Release|Any CPU.ActiveCfg = Release|Any CPU
		{CA0D804A-6786-41F5-A739-BAAFDBBE8E58}.Release|Any CPU.Build.0 = Release|Any CPU
	EndGlobalSection
	GlobalSection(SolutionProperties) = preSolution
		HideSolutionNode = FALSE
	EndGlobalSection
	GlobalSection(ExtensibilityGlobals) = postSolution
		SolutionGuid = {C0014917-A892-4540-85F9-FA8F31B34AD8}
	EndGlobalSection
EndGlobal
